
Microsoft Visual Studio Solution File, Format Version 12.00
# Visual Studio Version 16
VisualStudioVersion = 16.0.29609.76
MinimumVisualStudioVersion = 10.0.40219.1
Project("{FAE04EC0-301F-11D3-BF4B-00C04F79EFBC}") = "SpotifyPlaylistMaker", "SpotifyPlaylistMaker\SpotifyPlaylistMaker.csproj", "{DC0D0899-BDEB-4EE0-B1A5-F203ECB854F6}"
EndProject
Project("{FAE04EC0-301F-11D3-BF4B-00C04F79EFBC}") = "Spotify.Api.Core", "Spotify.Api.Core\Spotify.Api.Core.csproj", "{B26B615F-38D9-4ADC-B02B-532691DDBE4C}"
EndProject
Global
	GlobalSection(SolutionConfigurationPlatforms) = preSolution
		Debug|Any CPU = Debug|Any CPU
		Release|Any CPU = Release|Any CPU
	EndGlobalSection
	GlobalSection(ProjectConfigurationPlatforms) = postSolution
		{DC0D0899-BDEB-4EE0-B1A5-F203ECB854F6}.Debug|Any CPU.ActiveCfg = Debug|Any CPU
		{DC0D0899-BDEB-4EE0-B1A5-F203ECB854F6}.Debug|Any CPU.Build.0 = Debug|Any CPU
		{DC0D0899-BDEB-4EE0-B1A5-F203ECB854F6}.Release|Any CPU.ActiveCfg = Release|Any CPU
		{DC0D0899-BDEB-4EE0-B1A5-F203ECB854F6}.Release|Any CPU.Build.0 = Release|Any CPU
		{B26B615F-38D9-4ADC-B02B-532691DDBE4C}.Debug|Any CPU.ActiveCfg = Debug|Any CPU
		{B26B615F-38D9-4ADC-B02B-532691DDBE4C}.Debug|Any CPU.Build.0 = Debug|Any CPU
		{B26B615F-38D9-4ADC-B02B-532691DDBE4C}.Release|Any CPU.ActiveCfg = Release|Any CPU
		{B26B615F-38D9-4ADC-B02B-532691DDBE4C}.Release|Any CPU.Build.0 = Release|Any CPU
	EndGlobalSection
	GlobalSection(SolutionProperties) = preSolution
		HideSolutionNode = FALSE
	EndGlobalSection
	GlobalSection(ExtensibilityGlobals) = postSolution
		SolutionGuid = {00624415-C1C5-4120-AF95-D25FF5E6F3CC}
	EndGlobalSection
EndGlobal
